
Microsoft Visual Studio Solution File, Format Version 12.00
# Visual Studio 14
VisualStudioVersion = 14.0.23107.0
MinimumVisualStudioVersion = 10.0.40219.1
Project("{FAE04EC0-301F-11D3-BF4B-00C04F79EFBC}") = "WFTemplarii", "WFTemplarii\WFTemplarii.csproj", "{EDB24C01-5A98-4303-8A52-CCA43BAFC521}"
EndProject
Global
	GlobalSection(SolutionConfigurationPlatforms) = preSolution
		Debug|Any CPU = Debug|Any CPU
		Release|Any CPU = Release|Any CPU
	EndGlobalSection
	GlobalSection(ProjectConfigurationPlatforms) = postSolution
		{EDB24C01-5A98-4303-8A52-CCA43BAFC521}.Debug|Any CPU.ActiveCfg = Debug|Any CPU
		{EDB24C01-5A98-4303-8A52-CCA43BAFC521}.Debug|Any CPU.Build.0 = Debug|Any CPU
		{EDB24C01-5A98-4303-8A52-CCA43BAFC521}.Release|Any CPU.ActiveCfg = Release|Any CPU
		{EDB24C01-5A98-4303-8A52-CCA43BAFC521}.Release|Any CPU.Build.0 = Release|Any CPU
	EndGlobalSection
	GlobalSection(SolutionProperties) = preSolution
		HideSolutionNode = FALSE
	EndGlobalSection
EndGlobal
